PODS:
  - IQKeyboardManager (6.5.0)
  - Masonry (1.1.0)
  - PhotoBrowser (0.8.1)
  - SDWebImage (4.4.7):
    - SDWebImage/Core (= 4.4.7)
  - SDWebImage/Core (4.4.7)
  - SVProgressHUD (2.2.5)
  - TZImagePickerController (3.2.4)

DEPENDENCIES:
  - IQKeyboardManager
  - Masonry
  - PhotoBrowser
  - SDWebImage (~> 4.4.6)
  - SVProgressHUD
  - TZImagePickerController

SPEC REPOS:
  https://github.com/cocoapods/specs.git:
    - IQKeyboardManager
    - Masonry
    - PhotoBrowser
    - SDWebImage
    - SVProgressHUD
    - TZImagePickerController

SPEC CHECKSUMS:
  IQKeyboardManager: 700e5155d6a292383b54e8678aec769e14fc78fc
  Masonry: 678fab65091a9290e40e2832a55e7ab731aad201
  PhotoBrowser: afab1abad5dfc58609460d66fb27a166cafadf0d
  SDWebImage: c10d14a8883ebd89664f02a422006f66a85c0c5d
  SVProgressHUD: 1428aafac632c1f86f62aa4243ec12008d7a51d6
  TZImagePickerController: d259369c5c2cc96299e53da868ae5be1b24353cd

PODFILE CHECKSUM: d5ac3f96a92ff8736dd5ca9bdbfcf51fed2a6241

COCOAPODS: 1.7.4
