PODS:
  - IQKeyboardManager (6.5.6)
  - Masonry (1.1.0)
  - PhotoBrowser (0.8.1)
  - RJKit/Core (0.1.1)
  - SDWebImage (5.10.0):
    - SDWebImage/Core (= 5.10.0)
  - SDWebImage/Core (5.10.0)
  - SVProgressHUD (2.2.5)
  - TZImagePickerController (3.5.4)

DEPENDENCIES:
  - IQKeyboardManager
  - Masonry
  - PhotoBrowser
  - RJKit/Core
  - SDWebImage
  - SVProgressHUD
  - TZImagePickerController

SPEC REPOS:
  http://192.168.0.40/wisp/wisp-ios/components/specs.git:
    - RJKit
  trunk:
    - IQKeyboardManager
    - Masonry
    - PhotoBrowser
    - SDWebImage
    - SVProgressHUD
    - TZImagePickerController

SPEC CHECKSUMS:
  IQKeyboardManager: 2a6e97afdafc7becf0cb17a9a8d795e3a980717f
  Masonry: 678fab65091a9290e40e2832a55e7ab731aad201
  PhotoBrowser: afab1abad5dfc58609460d66fb27a166cafadf0d
  RJKit: 404df77345fbee29596c2b0e76b666098c2e0fa2
  SDWebImage: 9169792e9eec3e45bba2a0c02f74bf8bd922d1ee
  SVProgressHUD: 1428aafac632c1f86f62aa4243ec12008d7a51d6
  TZImagePickerController: 891421e1fa0d8dfa295388e1f8a8ce2d5152ae88

PODFILE CHECKSUM: c0663d32fe9226345713ec25701c06ab06705ba7

COCOAPODS: 1.10.0
