// !$*UTF8*$!
{
	archiveVersion = 1;
	classes = {
	};
	objectVersion = 51;
	objects = {

/* Begin PBXBuildFile section */
		6655724006D89B9494FD25BD /* Pods_RJFormDemo.framework in Frameworks */ = {isa = PBXBuildFile; fileRef = BDAC727BAAAA8EDF1FB76619 /* Pods_RJFormDemo.framework */; };
		BF01AC7322E958C700CAB41C /* RJFormTextFieldCell.m in Sources */ = {isa = PBXBuildFile; fileRef = BF01AC7222E958C700CAB41C /* RJFormTextFieldCell.m */; };
		BF01AC7622E958DA00CAB41C /* RJFormTextFieldItem.m in Sources */ = {isa = PBXBuildFile; fileRef = BF01AC7522E958DA00CAB41C /* RJFormTextFieldItem.m */; };
		BF0CCBF62451A6DD00EB79D7 /* RJFormTestTableViewCell.m in Sources */ = {isa = PBXBuildFile; fileRef = BF0CCBF52451A6DD00EB79D7 /* RJFormTestTableViewCell.m */; };
		BF0CCBFA2451A70600EB79D7 /* RJFormTestItem.m in Sources */ = {isa = PBXBuildFile; fileRef = BF0CCBF92451A70600EB79D7 /* RJFormTestItem.m */; };
		BF116E5A22EE91A800954453 /* RJFormTextViewCell.m in Sources */ = {isa = PBXBuildFile; fileRef = BF116E5922EE91A800954453 /* RJFormTextViewCell.m */; };
		BF116E5D22EE91B800954453 /* RJFormTextViewItem.m in Sources */ = {isa = PBXBuildFile; fileRef = BF116E5C22EE91B800954453 /* RJFormTextViewItem.m */; };
		BF116E6022EE96B900954453 /* RJFormEnterpriseInfoViewController.m in Sources */ = {isa = PBXBuildFile; fileRef = BF116E5F22EE96B900954453 /* RJFormEnterpriseInfoViewController.m */; };
		BF17280922EEF01800C93002 /* RJFormValidator.m in Sources */ = {isa = PBXBuildFile; fileRef = BF17280822EEF01800C93002 /* RJFormValidator.m */; };
		BF17280C22EEF0B500C93002 /* RJFormRegexValidator.m in Sources */ = {isa = PBXBuildFile; fileRef = BF17280B22EEF0B500C93002 /* RJFormRegexValidator.m */; };
		BF24752222E6A37B0060AC12 /* AppDelegate.m in Sources */ = {isa = PBXBuildFile; fileRef = BF24752122E6A37B0060AC12 /* AppDelegate.m */; };
		BF24752822E6A37B0060AC12 /* Main.storyboard in Resources */ = {isa = PBXBuildFile; fileRef = BF24752622E6A37B0060AC12 /* Main.storyboard */; };
		BF24752A22E6A37C0060AC12 /* Assets.xcassets in Resources */ = {isa = PBXBuildFile; fileRef = BF24752922E6A37C0060AC12 /* Assets.xcassets */; };
		BF24752D22E6A37C0060AC12 /* LaunchScreen.storyboard in Resources */ = {isa = PBXBuildFile; fileRef = BF24752B22E6A37C0060AC12 /* LaunchScreen.storyboard */; };
		BF24753022E6A37C0060AC12 /* main.m in Sources */ = {isa = PBXBuildFile; fileRef = BF24752F22E6A37C0060AC12 /* main.m */; };
		BF24753F22E6AA260060AC12 /* RJFormSectionDescriptor.m in Sources */ = {isa = PBXBuildFile; fileRef = BF24753E22E6AA260060AC12 /* RJFormSectionDescriptor.m */; };
		BF24754222E6AA410060AC12 /* RJFormRowDescriptor.m in Sources */ = {isa = PBXBuildFile; fileRef = BF24754122E6AA410060AC12 /* RJFormRowDescriptor.m */; };
		BF24754522E6E1980060AC12 /* RJFormImageCell.m in Sources */ = {isa = PBXBuildFile; fileRef = BF24754422E6E1980060AC12 /* RJFormImageCell.m */; };
		BF24754822E6E1BB0060AC12 /* RJFormSwitchCell.m in Sources */ = {isa = PBXBuildFile; fileRef = BF24754722E6E1BB0060AC12 /* RJFormSwitchCell.m */; };
		BF24754B22E6E23C0060AC12 /* RJFormInfoCell.m in Sources */ = {isa = PBXBuildFile; fileRef = BF24754A22E6E23C0060AC12 /* RJFormInfoCell.m */; };
		BF24754E22E6E2500060AC12 /* RJFormInfoItem.m in Sources */ = {isa = PBXBuildFile; fileRef = BF24754D22E6E2500060AC12 /* RJFormInfoItem.m */; };
		BF24755122E6E25C0060AC12 /* RJFormImageItem.m in Sources */ = {isa = PBXBuildFile; fileRef = BF24755022E6E25C0060AC12 /* RJFormImageItem.m */; };
		BF24755422E6E2690060AC12 /* RJFormSwitchItem.m in Sources */ = {isa = PBXBuildFile; fileRef = BF24755322E6E2690060AC12 /* RJFormSwitchItem.m */; };
		BF24755D22E6F0EE0060AC12 /* RJFormDescriptor.m in Sources */ = {isa = PBXBuildFile; fileRef = BF24755C22E6F0EE0060AC12 /* RJFormDescriptor.m */; };
		BF24756022E6FB4D0060AC12 /* RJFormBaseCell.m in Sources */ = {isa = PBXBuildFile; fileRef = BF24755F22E6FB4D0060AC12 /* RJFormBaseCell.m */; };
		BF2C7A5D2301135E00F4DC55 /* RJFormImagePickerContentItem.m in Sources */ = {isa = PBXBuildFile; fileRef = BF2C7A5C2301135E00F4DC55 /* RJFormImagePickerContentItem.m */; };
		BF3270262304F10C00CD06BA /* RJFormPhotoPickerManager.m in Sources */ = {isa = PBXBuildFile; fileRef = BF3270252304F10C00CD06BA /* RJFormPhotoPickerManager.m */; };
		BF32702E230508A200CD06BA /* UITextView+RJFormPlaceholder.m in Sources */ = {isa = PBXBuildFile; fileRef = BF32702D230508A200CD06BA /* UITextView+RJFormPlaceholder.m */; };
		BF4FC4CA22FD097900DB028D /* RJFormDatePickerCell.m in Sources */ = {isa = PBXBuildFile; fileRef = BF4FC4C922FD097900DB028D /* RJFormDatePickerCell.m */; };
		BF4FC4CD22FD098B00DB028D /* RJFormDatePickerItem.m in Sources */ = {isa = PBXBuildFile; fileRef = BF4FC4CC22FD098B00DB028D /* RJFormDatePickerItem.m */; };
		BF4FC4D022FD0DDB00DB028D /* RJFormDatePickerView.m in Sources */ = {isa = PBXBuildFile; fileRef = BF4FC4CF22FD0DDB00DB028D /* RJFormDatePickerView.m */; };
		BF4FC4D322FD136B00DB028D /* RJFormDatePickerManager.m in Sources */ = {isa = PBXBuildFile; fileRef = BF4FC4D222FD136B00DB028D /* RJFormDatePickerManager.m */; };
		BF6D980D245053F20090CC70 /* RJFormViewController.m in Sources */ = {isa = PBXBuildFile; fileRef = BF6D980C245053F20090CC70 /* RJFormViewController.m */; };
		BF6D9C1922E7F7B60039FBB7 /* RJFormConstant.m in Sources */ = {isa = PBXBuildFile; fileRef = BF6D9C1822E7F7B60039FBB7 /* RJFormConstant.m */; };
		BF6D9C1C22E7FE400039FBB7 /* RJFormMainViewController.m in Sources */ = {isa = PBXBuildFile; fileRef = BF6D9C1B22E7FE400039FBB7 /* RJFormMainViewController.m */; };
		BF6D9C1F22E801FF0039FBB7 /* RJFormAllSimpleViewController.m in Sources */ = {isa = PBXBuildFile; fileRef = BF6D9C1E22E801FF0039FBB7 /* RJFormAllSimpleViewController.m */; };
		BF6D9C2322E802400039FBB7 /* RJFormSettingViewController.m in Sources */ = {isa = PBXBuildFile; fileRef = BF6D9C2222E802400039FBB7 /* RJFormSettingViewController.m */; };
		BF6D9C2622E836D40039FBB7 /* RJFormTextButtonItem.m in Sources */ = {isa = PBXBuildFile; fileRef = BF6D9C2522E836D40039FBB7 /* RJFormTextButtonItem.m */; };
		BF6D9C2922E836EF0039FBB7 /* RJFormTextButtonCell.m in Sources */ = {isa = PBXBuildFile; fileRef = BF6D9C2822E836EF0039FBB7 /* RJFormTextButtonCell.m */; };
		BF6D9C2C22E839910039FBB7 /* RJFormButtonItem.m in Sources */ = {isa = PBXBuildFile; fileRef = BF6D9C2B22E839910039FBB7 /* RJFormButtonItem.m */; };
		BF6D9C2F22E839A50039FBB7 /* RJFormButtonCell.m in Sources */ = {isa = PBXBuildFile; fileRef = BF6D9C2E22E839A50039FBB7 /* RJFormButtonCell.m */; };
		BF6D9C3222E83FD60039FBB7 /* RJFormBaseItem.m in Sources */ = {isa = PBXBuildFile; fileRef = BF6D9C3122E83FD60039FBB7 /* RJFormBaseItem.m */; };
		BF9116A62457066A0015DB59 /* RJFormTestFooterView.m in Sources */ = {isa = PBXBuildFile; fileRef = BF9116A52457066A0015DB59 /* RJFormTestFooterView.m */; };
		BF9116AA245707E10015DB59 /* RJFormTestTableHeaderView.m in Sources */ = {isa = PBXBuildFile; fileRef = BF9116A9245707E10015DB59 /* RJFormTestTableHeaderView.m */; };
		BF9116AD2457179D0015DB59 /* RJFormTestTableFooterView.m in Sources */ = {isa = PBXBuildFile; fileRef = BF9116AC2457179D0015DB59 /* RJFormTestTableFooterView.m */; };
		BFAD00CE2452D25900B07349 /* RJFormCustomViewController.m in Sources */ = {isa = PBXBuildFile; fileRef = BFAD00CD2452D25900B07349 /* RJFormCustomViewController.m */; };
		BFAD00D12452D43D00B07349 /* RJFormCustomCellViewController.m in Sources */ = {isa = PBXBuildFile; fileRef = BFAD00D02452D43D00B07349 /* RJFormCustomCellViewController.m */; };
		BFAD00D52452EF1A00B07349 /* RJFormSectionHeaderFooterView.m in Sources */ = {isa = PBXBuildFile; fileRef = BFAD00D42452EF1A00B07349 /* RJFormSectionHeaderFooterView.m */; };
		BFAD00DB2452F40B00B07349 /* RJFormTestHeaderView.m in Sources */ = {isa = PBXBuildFile; fileRef = BFAD00DA2452F40B00B07349 /* RJFormTestHeaderView.m */; };
		BFBB7BE022F970A100D4CDF9 /* RJFormSelectorCell.m in Sources */ = {isa = PBXBuildFile; fileRef = BFBB7BDF22F970A100D4CDF9 /* RJFormSelectorCell.m */; };
		BFBB7BE322F970AF00D4CDF9 /* RJFormSelectorItem.m in Sources */ = {isa = PBXBuildFile; fileRef = BFBB7BE222F970AF00D4CDF9 /* RJFormSelectorItem.m */; };
		BFBB7BE722F9747C00D4CDF9 /* RJFormOptionItem.m in Sources */ = {isa = PBXBuildFile; fileRef = BFBB7BE622F9747C00D4CDF9 /* RJFormOptionItem.m */; };
		BFC7D77C22FD6A1F0068C407 /* RJFormImagePickerItem.m in Sources */ = {isa = PBXBuildFile; fileRef = BFC7D77B22FD6A1F0068C407 /* RJFormImagePickerItem.m */; };
		BFC7D77F22FD6A410068C407 /* RJFormImagePickerCell.m in Sources */ = {isa = PBXBuildFile; fileRef = BFC7D77E22FD6A410068C407 /* RJFormImagePickerCell.m */; };
		BFC7D78322FD6E4C0068C407 /* RJFormImagePickerContentView.m in Sources */ = {isa = PBXBuildFile; fileRef = BFC7D78222FD6E4C0068C407 /* RJFormImagePickerContentView.m */; };
		BFC7D78622FD74040068C407 /* RJFormImagePickerCollectionViewCell.m in Sources */ = {isa = PBXBuildFile; fileRef = BFC7D78522FD74040068C407 /* RJFormImagePickerCollectionViewCell.m */; };
		BFD30F4022FA63ED00F60284 /* RJFormValuePickerView.m in Sources */ = {isa = PBXBuildFile; fileRef = BFD30F3F22FA63ED00F60284 /* RJFormValuePickerView.m */; };
		BFD30F4322FA647B00F60284 /* RJFormSelectorManager.m in Sources */ = {isa = PBXBuildFile; fileRef = BFD30F4222FA647B00F60284 /* RJFormSelectorManager.m */; };
		BFE1342C22EAE32200B0CC0B /* RJFormValidationStatus.m in Sources */ = {isa = PBXBuildFile; fileRef = BFE1342B22EAE32200B0CC0B /* RJFormValidationStatus.m */; };
		BFE1342F22EAE85000B0CC0B /* RJFormEmptyTool.m in Sources */ = {isa = PBXBuildFile; fileRef = BFE1342E22EAE85000B0CC0B /* RJFormEmptyTool.m */; };
		BFE3394623016ACC00460F71 /* NSBundle+RJFormBundle.m in Sources */ = {isa = PBXBuildFile; fileRef = BFE3394523016ACC00460F71 /* NSBundle+RJFormBundle.m */; };
		BFE3394C23016B3F00460F71 /* UIImage+RJFormImage.m in Sources */ = {isa = PBXBuildFile; fileRef = BFE3394B23016B3F00460F71 /* UIImage+RJFormImage.m */; };
/* End PBXBuildFile section */

/* Begin PBXFileReference section */
		AD8B8426CB2DF63AEC68FC48 /* Pods-RJFormDemo.release.xcconfig */ = {isa = PBXFileReference; includeInIndex = 1; lastKnownFileType = text.xcconfig; name = "Pods-RJFormDemo.release.xcconfig"; path = "Target Support Files/Pods-RJFormDemo/Pods-RJFormDemo.release.xcconfig"; sourceTree = "<group>"; };
		BDAC727BAAAA8EDF1FB76619 /* Pods_RJFormDemo.framework */ = {isa = PBXFileReference; explicitFileType = wrapper.framework; includeInIndex = 0; path = Pods_RJFormDemo.framework; sourceTree = BUILT_PRODUCTS_DIR; };
		BF01AC7122E958C700CAB41C /* RJFormTextFieldCell.h */ = {isa = PBXFileReference; lastKnownFileType = sourcecode.c.h; path = RJFormTextFieldCell.h; sourceTree = "<group>"; };
		BF01AC7222E958C700CAB41C /* RJFormTextFieldCell.m */ = {isa = PBXFileReference; lastKnownFileType = sourcecode.c.objc; path = RJFormTextFieldCell.m; sourceTree = "<group>"; };
		BF01AC7422E958DA00CAB41C /* RJFormTextFieldItem.h */ = {isa = PBXFileReference; lastKnownFileType = sourcecode.c.h; path = RJFormTextFieldItem.h; sourceTree = "<group>"; };
		BF01AC7522E958DA00CAB41C /* RJFormTextFieldItem.m */ = {isa = PBXFileReference; lastKnownFileType = sourcecode.c.objc; path = RJFormTextFieldItem.m; sourceTree = "<group>"; };
		BF0CCBF42451A6DD00EB79D7 /* RJFormTestTableViewCell.h */ = {isa = PBXFileReference; lastKnownFileType = sourcecode.c.h; path = RJFormTestTableViewCell.h; sourceTree = "<group>"; };
		BF0CCBF52451A6DD00EB79D7 /* RJFormTestTableViewCell.m */ = {isa = PBXFileReference; lastKnownFileType = sourcecode.c.objc; path = RJFormTestTableViewCell.m; sourceTree = "<group>"; };
		BF0CCBF82451A70600EB79D7 /* RJFormTestItem.h */ = {isa = PBXFileReference; lastKnownFileType = sourcecode.c.h; path = RJFormTestItem.h; sourceTree = "<group>"; };
		BF0CCBF92451A70600EB79D7 /* RJFormTestItem.m */ = {isa = PBXFileReference; lastKnownFileType = sourcecode.c.objc; path = RJFormTestItem.m; sourceTree = "<group>"; };
		BF116E5822EE91A800954453 /* RJFormTextViewCell.h */ = {isa = PBXFileReference; lastKnownFileType = sourcecode.c.h; path = RJFormTextViewCell.h; sourceTree = "<group>"; };
		BF116E5922EE91A800954453 /* RJFormTextViewCell.m */ = {isa = PBXFileReference; lastKnownFileType = sourcecode.c.objc; path = RJFormTextViewCell.m; sourceTree = "<group>"; };
		BF116E5B22EE91B800954453 /* RJFormTextViewItem.h */ = {isa = PBXFileReference; lastKnownFileType = sourcecode.c.h; path = RJFormTextViewItem.h; sourceTree = "<group>"; };
		BF116E5C22EE91B800954453 /* RJFormTextViewItem.m */ = {isa = PBXFileReference; lastKnownFileType = sourcecode.c.objc; path = RJFormTextViewItem.m; sourceTree = "<group>"; };
		BF116E5E22EE96B900954453 /* RJFormEnterpriseInfoViewController.h */ = {isa = PBXFileReference; lastKnownFileType = sourcecode.c.h; path = RJFormEnterpriseInfoViewController.h; sourceTree = "<group>"; };
		BF116E5F22EE96B900954453 /* RJFormEnterpriseInfoViewController.m */ = {isa = PBXFileReference; lastKnownFileType = sourcecode.c.objc; path = RJFormEnterpriseInfoViewController.m; sourceTree = "<group>"; };
		BF15E2EF231628FA00607F26 /* RJFormImageTapProtocol.h */ = {isa = PBXFileReference; lastKnownFileType = sourcecode.c.h; path = RJFormImageTapProtocol.h; sourceTree = "<group>"; };
		BF17280622EEEFD100C93002 /* RJFormValidatorProtocol.h */ = {isa = PBXFileReference; lastKnownFileType = sourcecode.c.h; path = RJFormValidatorProtocol.h; sourceTree = "<group>"; };
		BF17280722EEF01800C93002 /* RJFormValidator.h */ = {isa = PBXFileReference; lastKnownFileType = sourcecode.c.h; path = RJFormValidator.h; sourceTree = "<group>"; };
		BF17280822EEF01800C93002 /* RJFormValidator.m */ = {isa = PBXFileReference; lastKnownFileType = sourcecode.c.objc; path = RJFormValidator.m; sourceTree = "<group>"; };
		BF17280A22EEF0B500C93002 /* RJFormRegexValidator.h */ = {isa = PBXFileReference; lastKnownFileType = sourcecode.c.h; path = RJFormRegexValidator.h; sourceTree = "<group>"; };
		BF17280B22EEF0B500C93002 /* RJFormRegexValidator.m */ = {isa = PBXFileReference; lastKnownFileType = sourcecode.c.objc; path = RJFormRegexValidator.m; sourceTree = "<group>"; };
		BF24751D22E6A37B0060AC12 /* RJFormDemo.app */ = {isa = PBXFileReference; explicitFileType = wrapper.application; includeInIndex = 0; path = RJFormDemo.app; sourceTree = BUILT_PRODUCTS_DIR; };
		BF24752022E6A37B0060AC12 /* AppDelegate.h */ = {isa = PBXFileReference; lastKnownFileType = sourcecode.c.h; path = AppDelegate.h; sourceTree = "<group>"; };
		BF24752122E6A37B0060AC12 /* AppDelegate.m */ = {isa = PBXFileReference; lastKnownFileType = sourcecode.c.objc; path = AppDelegate.m; sourceTree = "<group>"; };
		BF24752722E6A37B0060AC12 /* Base */ = {isa = PBXFileReference; lastKnownFileType = file.storyboard; name = Base; path = Base.lproj/Main.storyboard; sourceTree = "<group>"; };
		BF24752922E6A37C0060AC12 /* Assets.xcassets */ = {isa = PBXFileReference; lastKnownFileType = folder.assetcatalog; path = Assets.xcassets; sourceTree = "<group>"; };
		BF24752C22E6A37C0060AC12 /* Base */ = {isa = PBXFileReference; lastKnownFileType = file.storyboard; name = Base; path = Base.lproj/LaunchScreen.storyboard; sourceTree = "<group>"; };
		BF24752E22E6A37C0060AC12 /* Info.plist */ = {isa = PBXFileReference; lastKnownFileType = text.plist.xml; path = Info.plist; sourceTree = "<group>"; };
		BF24752F22E6A37C0060AC12 /* main.m */ = {isa = PBXFileReference; lastKnownFileType = sourcecode.c.objc; path = main.m; sourceTree = "<group>"; };
		BF24753D22E6AA260060AC12 /* RJFormSectionDescriptor.h */ = {isa = PBXFileReference; lastKnownFileType = sourcecode.c.h; path = RJFormSectionDescriptor.h; sourceTree = "<group>"; };
		BF24753E22E6AA260060AC12 /* RJFormSectionDescriptor.m */ = {isa = PBXFileReference; lastKnownFileType = sourcecode.c.objc; path = RJFormSectionDescriptor.m; sourceTree = "<group>"; };
		BF24754022E6AA410060AC12 /* RJFormRowDescriptor.h */ = {isa = PBXFileReference; lastKnownFileType = sourcecode.c.h; path = RJFormRowDescriptor.h; sourceTree = "<group>"; };
		BF24754122E6AA410060AC12 /* RJFormRowDescriptor.m */ = {isa = PBXFileReference; lastKnownFileType = sourcecode.c.objc; path = RJFormRowDescriptor.m; sourceTree = "<group>"; };
		BF24754322E6E1980060AC12 /* RJFormImageCell.h */ = {isa = PBXFileReference; lastKnownFileType = sourcecode.c.h; path = RJFormImageCell.h; sourceTree = "<group>"; };
		BF24754422E6E1980060AC12 /* RJFormImageCell.m */ = {isa = PBXFileReference; lastKnownFileType = sourcecode.c.objc; path = RJFormImageCell.m; sourceTree = "<group>"; };
		BF24754622E6E1BB0060AC12 /* RJFormSwitchCell.h */ = {isa = PBXFileReference; lastKnownFileType = sourcecode.c.h; path = RJFormSwitchCell.h; sourceTree = "<group>"; };
		BF24754722E6E1BB0060AC12 /* RJFormSwitchCell.m */ = {isa = PBXFileReference; lastKnownFileType = sourcecode.c.objc; path = RJFormSwitchCell.m; sourceTree = "<group>"; };
		BF24754922E6E23C0060AC12 /* RJFormInfoCell.h */ = {isa = PBXFileReference; lastKnownFileType = sourcecode.c.h; path = RJFormInfoCell.h; sourceTree = "<group>"; };
		BF24754A22E6E23C0060AC12 /* RJFormInfoCell.m */ = {isa = PBXFileReference; lastKnownFileType = sourcecode.c.objc; path = RJFormInfoCell.m; sourceTree = "<group>"; };
		BF24754C22E6E2500060AC12 /* RJFormInfoItem.h */ = {isa = PBXFileReference; lastKnownFileType = sourcecode.c.h; path = RJFormInfoItem.h; sourceTree = "<group>"; };
		BF24754D22E6E2500060AC12 /* RJFormInfoItem.m */ = {isa = PBXFileReference; lastKnownFileType = sourcecode.c.objc; path = RJFormInfoItem.m; sourceTree = "<group>"; };
		BF24754F22E6E25C0060AC12 /* RJFormImageItem.h */ = {isa = PBXFileReference; lastKnownFileType = sourcecode.c.h; path = RJFormImageItem.h; sourceTree = "<group>"; };
		BF24755022E6E25C0060AC12 /* RJFormImageItem.m */ = {isa = PBXFileReference; lastKnownFileType = sourcecode.c.objc; path = RJFormImageItem.m; sourceTree = "<group>"; };
		BF24755222E6E2690060AC12 /* RJFormSwitchItem.h */ = {isa = PBXFileReference; lastKnownFileType = sourcecode.c.h; path = RJFormSwitchItem.h; sourceTree = "<group>"; };
		BF24755322E6E2690060AC12 /* RJFormSwitchItem.m */ = {isa = PBXFileReference; lastKnownFileType = sourcecode.c.objc; path = RJFormSwitchItem.m; sourceTree = "<group>"; };
		BF24755522E6E3CB0060AC12 /* RJFormCellDataUpdateProtocol.h */ = {isa = PBXFileReference; lastKnownFileType = sourcecode.c.h; path = RJFormCellDataUpdateProtocol.h; sourceTree = "<group>"; };
		BF24755622E6E66B0060AC12 /* RJForm.h */ = {isa = PBXFileReference; lastKnownFileType = sourcecode.c.h; path = RJForm.h; sourceTree = "<group>"; };
		BF24755722E6E7630060AC12 /* RJFormDemo.pch */ = {isa = PBXFileReference; lastKnownFileType = sourcecode.c.h; path = RJFormDemo.pch; sourceTree = "<group>"; };
		BF24755B22E6F0EE0060AC12 /* RJFormDescriptor.h */ = {isa = PBXFileReference; lastKnownFileType = sourcecode.c.h; path = RJFormDescriptor.h; sourceTree = "<group>"; };
		BF24755C22E6F0EE0060AC12 /* RJFormDescriptor.m */ = {isa = PBXFileReference; lastKnownFileType = sourcecode.c.objc; path = RJFormDescriptor.m; sourceTree = "<group>"; };
		BF24755E22E6FB4D0060AC12 /* RJFormBaseCell.h */ = {isa = PBXFileReference; lastKnownFileType = sourcecode.c.h; path = RJFormBaseCell.h; sourceTree = "<group>"; };
		BF24755F22E6FB4D0060AC12 /* RJFormBaseCell.m */ = {isa = PBXFileReference; lastKnownFileType = sourcecode.c.objc; path = RJFormBaseCell.m; sourceTree = "<group>"; };
		BF2C7A5B2301135E00F4DC55 /* RJFormImagePickerContentItem.h */ = {isa = PBXFileReference; lastKnownFileType = sourcecode.c.h; path = RJFormImagePickerContentItem.h; sourceTree = "<group>"; };
		BF2C7A5C2301135E00F4DC55 /* RJFormImagePickerContentItem.m */ = {isa = PBXFileReference; lastKnownFileType = sourcecode.c.objc; path = RJFormImagePickerContentItem.m; sourceTree = "<group>"; };
		BF3270202304ECCE00CD06BA /* RJFormPhotoPickerManager.h */ = {isa = PBXFileReference; fileEncoding = 4; lastKnownFileType = sourcecode.c.h; path = RJFormPhotoPickerManager.h; sourceTree = "<group>"; };
		BF3270252304F10C00CD06BA /* RJFormPhotoPickerManager.m */ = {isa = PBXFileReference; fileEncoding = 4; lastKnownFileType = sourcecode.c.objc; path = RJFormPhotoPickerManager.m; sourceTree = "<group>"; };
		BF3270272304FD3900CD06BA /* zh-Hans */ = {isa = PBXFileReference; lastKnownFileType = text.plist.strings; name = "zh-Hans"; path = "zh-Hans.lproj/Main.strings"; sourceTree = "<group>"; };
		BF3270282304FD3900CD06BA /* zh-Hans */ = {isa = PBXFileReference; lastKnownFileType = text.plist.strings; name = "zh-Hans"; path = "zh-Hans.lproj/LaunchScreen.strings"; sourceTree = "<group>"; };
		BF32702C230508A200CD06BA /* UITextView+RJFormPlaceholder.h */ = {isa = PBXFileReference; lastKnownFileType = sourcecode.c.h; path = "UITextView+RJFormPlaceholder.h"; sourceTree = "<group>"; };
		BF32702D230508A200CD06BA /* UITextView+RJFormPlaceholder.m */ = {isa = PBXFileReference; lastKnownFileType = sourcecode.c.objc; path = "UITextView+RJFormPlaceholder.m"; sourceTree = "<group>"; };
		BF4FC4C822FD097900DB028D /* RJFormDatePickerCell.h */ = {isa = PBXFileReference; lastKnownFileType = sourcecode.c.h; path = RJFormDatePickerCell.h; sourceTree = "<group>"; };
		BF4FC4C922FD097900DB028D /* RJFormDatePickerCell.m */ = {isa = PBXFileReference; lastKnownFileType = sourcecode.c.objc; path = RJFormDatePickerCell.m; sourceTree = "<group>"; };
		BF4FC4CB22FD098B00DB028D /* RJFormDatePickerItem.h */ = {isa = PBXFileReference; lastKnownFileType = sourcecode.c.h; path = RJFormDatePickerItem.h; sourceTree = "<group>"; };
		BF4FC4CC22FD098B00DB028D /* RJFormDatePickerItem.m */ = {isa = PBXFileReference; lastKnownFileType = sourcecode.c.objc; path = RJFormDatePickerItem.m; sourceTree = "<group>"; };
		BF4FC4CE22FD0DDB00DB028D /* RJFormDatePickerView.h */ = {isa = PBXFileReference; lastKnownFileType = sourcecode.c.h; path = RJFormDatePickerView.h; sourceTree = "<group>"; };
		BF4FC4CF22FD0DDB00DB028D /* RJFormDatePickerView.m */ = {isa = PBXFileReference; lastKnownFileType = sourcecode.c.objc; path = RJFormDatePickerView.m; sourceTree = "<group>"; };
		BF4FC4D122FD136B00DB028D /* RJFormDatePickerManager.h */ = {isa = PBXFileReference; lastKnownFileType = sourcecode.c.h; path = RJFormDatePickerManager.h; sourceTree = "<group>"; };
		BF4FC4D222FD136B00DB028D /* RJFormDatePickerManager.m */ = {isa = PBXFileReference; lastKnownFileType = sourcecode.c.objc; path = RJFormDatePickerManager.m; sourceTree = "<group>"; };
		BF6D980B245053F20090CC70 /* RJFormViewController.h */ = {isa = PBXFileReference; lastKnownFileType = sourcecode.c.h; path = RJFormViewController.h; sourceTree = "<group>"; };
		BF6D980C245053F20090CC70 /* RJFormViewController.m */ = {isa = PBXFileReference; lastKnownFileType = sourcecode.c.objc; path = RJFormViewController.m; sourceTree = "<group>"; };
		BF6D9C1722E7F7B60039FBB7 /* RJFormConstant.h */ = {isa = PBXFileReference; lastKnownFileType = sourcecode.c.h; path = RJFormConstant.h; sourceTree = "<group>"; };
		BF6D9C1822E7F7B60039FBB7 /* RJFormConstant.m */ = {isa = PBXFileReference; lastKnownFileType = sourcecode.c.objc; path = RJFormConstant.m; sourceTree = "<group>"; };
		BF6D9C1A22E7FE400039FBB7 /* RJFormMainViewController.h */ = {isa = PBXFileReference; lastKnownFileType = sourcecode.c.h; path = RJFormMainViewController.h; sourceTree = "<group>"; };
		BF6D9C1B22E7FE400039FBB7 /* RJFormMainViewController.m */ = {isa = PBXFileReference; lastKnownFileType = sourcecode.c.objc; path = RJFormMainViewController.m; sourceTree = "<group>"; };
		BF6D9C1D22E801FF0039FBB7 /* RJFormAllSimpleViewController.h */ = {isa = PBXFileReference; lastKnownFileType = sourcecode.c.h; path = RJFormAllSimpleViewController.h; sourceTree = "<group>"; };
		BF6D9C1E22E801FF0039FBB7 /* RJFormAllSimpleViewController.m */ = {isa = PBXFileReference; lastKnownFileType = sourcecode.c.objc; path = RJFormAllSimpleViewController.m; sourceTree = "<group>"; };
		BF6D9C2122E802400039FBB7 /* RJFormSettingViewController.h */ = {isa = PBXFileReference; lastKnownFileType = sourcecode.c.h; path = RJFormSettingViewController.h; sourceTree = "<group>"; };
		BF6D9C2222E802400039FBB7 /* RJFormSettingViewController.m */ = {isa = PBXFileReference; lastKnownFileType = sourcecode.c.objc; path = RJFormSettingViewController.m; sourceTree = "<group>"; };
		BF6D9C2422E836D40039FBB7 /* RJFormTextButtonItem.h */ = {isa = PBXFileReference; lastKnownFileType = sourcecode.c.h; path = RJFormTextButtonItem.h; sourceTree = "<group>"; };
		BF6D9C2522E836D40039FBB7 /* RJFormTextButtonItem.m */ = {isa = PBXFileReference; lastKnownFileType = sourcecode.c.objc; path = RJFormTextButtonItem.m; sourceTree = "<group>"; };
		BF6D9C2722E836EF0039FBB7 /* RJFormTextButtonCell.h */ = {isa = PBXFileReference; lastKnownFileType = sourcecode.c.h; path = RJFormTextButtonCell.h; sourceTree = "<group>"; };
		BF6D9C2822E836EF0039FBB7 /* RJFormTextButtonCell.m */ = {isa = PBXFileReference; lastKnownFileType = sourcecode.c.objc; path = RJFormTextButtonCell.m; sourceTree = "<group>"; };
		BF6D9C2A22E839910039FBB7 /* RJFormButtonItem.h */ = {isa = PBXFileReference; lastKnownFileType = sourcecode.c.h; path = RJFormButtonItem.h; sourceTree = "<group>"; };
		BF6D9C2B22E839910039FBB7 /* RJFormButtonItem.m */ = {isa = PBXFileReference; lastKnownFileType = sourcecode.c.objc; path = RJFormButtonItem.m; sourceTree = "<group>"; };
		BF6D9C2D22E839A50039FBB7 /* RJFormButtonCell.h */ = {isa = PBXFileReference; lastKnownFileType = sourcecode.c.h; path = RJFormButtonCell.h; sourceTree = "<group>"; };
		BF6D9C2E22E839A50039FBB7 /* RJFormButtonCell.m */ = {isa = PBXFileReference; lastKnownFileType = sourcecode.c.objc; path = RJFormButtonCell.m; sourceTree = "<group>"; };
		BF6D9C3022E83FD60039FBB7 /* RJFormBaseItem.h */ = {isa = PBXFileReference; lastKnownFileType = sourcecode.c.h; path = RJFormBaseItem.h; sourceTree = "<group>"; };
		BF6D9C3122E83FD60039FBB7 /* RJFormBaseItem.m */ = {isa = PBXFileReference; lastKnownFileType = sourcecode.c.objc; path = RJFormBaseItem.m; sourceTree = "<group>"; };
		BF6D9C3322E840790039FBB7 /* RJFormItemValue.h */ = {isa = PBXFileReference; lastKnownFileType = sourcecode.c.h; path = RJFormItemValue.h; sourceTree = "<group>"; };
		BF8FED0F83E320004828BD8A /* Pods-RJFormDemo.debug.xcconfig */ = {isa = PBXFileReference; includeInIndex = 1; lastKnownFileType = text.xcconfig; name = "Pods-RJFormDemo.debug.xcconfig"; path = "Target Support Files/Pods-RJFormDemo/Pods-RJFormDemo.debug.xcconfig"; sourceTree = "<group>"; };
		BF9116A42457066A0015DB59 /* RJFormTestFooterView.h */ = {isa = PBXFileReference; lastKnownFileType = sourcecode.c.h; path = RJFormTestFooterView.h; sourceTree = "<group>"; };
		BF9116A52457066A0015DB59 /* RJFormTestFooterView.m */ = {isa = PBXFileReference; lastKnownFileType = sourcecode.c.objc; path = RJFormTestFooterView.m; sourceTree = "<group>"; };
		BF9116A8245707E10015DB59 /* RJFormTestTableHeaderView.h */ = {isa = PBXFileReference; lastKnownFileType = sourcecode.c.h; path = RJFormTestTableHeaderView.h; sourceTree = "<group>"; };
		BF9116A9245707E10015DB59 /* RJFormTestTableHeaderView.m */ = {isa = PBXFileReference; lastKnownFileType = sourcecode.c.objc; path = RJFormTestTableHeaderView.m; sourceTree = "<group>"; };
		BF9116AB2457179D0015DB59 /* RJFormTestTableFooterView.h */ = {isa = PBXFileReference; lastKnownFileType = sourcecode.c.h; path = RJFormTestTableFooterView.h; sourceTree = "<group>"; };
		BF9116AC2457179D0015DB59 /* RJFormTestTableFooterView.m */ = {isa = PBXFileReference; lastKnownFileType = sourcecode.c.objc; path = RJFormTestTableFooterView.m; sourceTree = "<group>"; };
		BFA6542823335553006DDC96 /* RJFormCalculateRowHeightProtocol.h */ = {isa = PBXFileReference; lastKnownFileType = sourcecode.c.h; path = RJFormCalculateRowHeightProtocol.h; sourceTree = "<group>"; };
		BFAD00CC2452D25900B07349 /* RJFormCustomViewController.h */ = {isa = PBXFileReference; lastKnownFileType = sourcecode.c.h; path = RJFormCustomViewController.h; sourceTree = "<group>"; };
		BFAD00CD2452D25900B07349 /* RJFormCustomViewController.m */ = {isa = PBXFileReference; lastKnownFileType = sourcecode.c.objc; path = RJFormCustomViewController.m; sourceTree = "<group>"; };
		BFAD00CF2452D43D00B07349 /* RJFormCustomCellViewController.h */ = {isa = PBXFileReference; lastKnownFileType = sourcecode.c.h; path = RJFormCustomCellViewController.h; sourceTree = "<group>"; };
		BFAD00D02452D43D00B07349 /* RJFormCustomCellViewController.m */ = {isa = PBXFileReference; lastKnownFileType = sourcecode.c.objc; path = RJFormCustomCellViewController.m; sourceTree = "<group>"; };
		BFAD00D32452EF1A00B07349 /* RJFormSectionHeaderFooterView.h */ = {isa = PBXFileReference; lastKnownFileType = sourcecode.c.h; path = RJFormSectionHeaderFooterView.h; sourceTree = "<group>"; };
		BFAD00D42452EF1A00B07349 /* RJFormSectionHeaderFooterView.m */ = {isa = PBXFileReference; lastKnownFileType = sourcecode.c.objc; path = RJFormSectionHeaderFooterView.m; sourceTree = "<group>"; };
		BFAD00D62452EFA800B07349 /* RJFormSectionHeaderFooterViewUpdateProtocol.h */ = {isa = PBXFileReference; lastKnownFileType = sourcecode.c.h; path = RJFormSectionHeaderFooterViewUpdateProtocol.h; sourceTree = "<group>"; };
		BFAD00D92452F40B00B07349 /* RJFormTestHeaderView.h */ = {isa = PBXFileReference; lastKnownFileType = sourcecode.c.h; path = RJFormTestHeaderView.h; sourceTree = "<group>"; };
		BFAD00DA2452F40B00B07349 /* RJFormTestHeaderView.m */ = {isa = PBXFileReference; lastKnownFileType = sourcecode.c.objc; path = RJFormTestHeaderView.m; sourceTree = "<group>"; };
		BFBB7BDE22F970A100D4CDF9 /* RJFormSelectorCell.h */ = {isa = PBXFileReference; lastKnownFileType = sourcecode.c.h; path = RJFormSelectorCell.h; sourceTree = "<group>"; };
		BFBB7BDF22F970A100D4CDF9 /* RJFormSelectorCell.m */ = {isa = PBXFileReference; lastKnownFileType = sourcecode.c.objc; path = RJFormSelectorCell.m; sourceTree = "<group>"; };
		BFBB7BE122F970AF00D4CDF9 /* RJFormSelectorItem.h */ = {isa = PBXFileReference; lastKnownFileType = sourcecode.c.h; path = RJFormSelectorItem.h; sourceTree = "<group>"; };
		BFBB7BE222F970AF00D4CDF9 /* RJFormSelectorItem.m */ = {isa = PBXFileReference; lastKnownFileType = sourcecode.c.objc; path = RJFormSelectorItem.m; sourceTree = "<group>"; };
		BFBB7BE522F9747C00D4CDF9 /* RJFormOptionItem.h */ = {isa = PBXFileReference; lastKnownFileType = sourcecode.c.h; path = RJFormOptionItem.h; sourceTree = "<group>"; };
		BFBB7BE622F9747C00D4CDF9 /* RJFormOptionItem.m */ = {isa = PBXFileReference; lastKnownFileType = sourcecode.c.objc; path = RJFormOptionItem.m; sourceTree = "<group>"; };
		BFC7D77A22FD6A1F0068C407 /* RJFormImagePickerItem.h */ = {isa = PBXFileReference; lastKnownFileType = sourcecode.c.h; path = RJFormImagePickerItem.h; sourceTree = "<group>"; };
		BFC7D77B22FD6A1F0068C407 /* RJFormImagePickerItem.m */ = {isa = PBXFileReference; lastKnownFileType = sourcecode.c.objc; path = RJFormImagePickerItem.m; sourceTree = "<group>"; };
		BFC7D77D22FD6A410068C407 /* RJFormImagePickerCell.h */ = {isa = PBXFileReference; lastKnownFileType = sourcecode.c.h; path = RJFormImagePickerCell.h; sourceTree = "<group>"; };
		BFC7D77E22FD6A410068C407 /* RJFormImagePickerCell.m */ = {isa = PBXFileReference; lastKnownFileType = sourcecode.c.objc; path = RJFormImagePickerCell.m; sourceTree = "<group>"; };
		BFC7D78122FD6E4C0068C407 /* RJFormImagePickerContentView.h */ = {isa = PBXFileReference; lastKnownFileType = sourcecode.c.h; path = RJFormImagePickerContentView.h; sourceTree = "<group>"; };
		BFC7D78222FD6E4C0068C407 /* RJFormImagePickerContentView.m */ = {isa = PBXFileReference; lastKnownFileType = sourcecode.c.objc; path = RJFormImagePickerContentView.m; sourceTree = "<group>"; };
		BFC7D78422FD74040068C407 /* RJFormImagePickerCollectionViewCell.h */ = {isa = PBXFileReference; lastKnownFileType = sourcecode.c.h; path = RJFormImagePickerCollectionViewCell.h; sourceTree = "<group>"; };
		BFC7D78522FD74040068C407 /* RJFormImagePickerCollectionViewCell.m */ = {isa = PBXFileReference; lastKnownFileType = sourcecode.c.objc; path = RJFormImagePickerCollectionViewCell.m; sourceTree = "<group>"; };
		BFD30F3E22FA63ED00F60284 /* RJFormValuePickerView.h */ = {isa = PBXFileReference; fileEncoding = 4; lastKnownFileType = sourcecode.c.h; path = RJFormValuePickerView.h; sourceTree = "<group>"; };
		BFD30F3F22FA63ED00F60284 /* RJFormValuePickerView.m */ = {isa = PBXFileReference; fileEncoding = 4; lastKnownFileType = sourcecode.c.objc; path = RJFormValuePickerView.m; sourceTree = "<group>"; };
		BFD30F4122FA647B00F60284 /* RJFormSelectorManager.h */ = {isa = PBXFileReference; lastKnownFileType = sourcecode.c.h; path = RJFormSelectorManager.h; sourceTree = "<group>"; };
		BFD30F4222FA647B00F60284 /* RJFormSelectorManager.m */ = {isa = PBXFileReference; lastKnownFileType = sourcecode.c.objc; path = RJFormSelectorManager.m; sourceTree = "<group>"; };
		BFE1342A22EAE32200B0CC0B /* RJFormValidationStatus.h */ = {isa = PBXFileReference; lastKnownFileType = sourcecode.c.h; path = RJFormValidationStatus.h; sourceTree = "<group>"; };
		BFE1342B22EAE32200B0CC0B /* RJFormValidationStatus.m */ = {isa = PBXFileReference; lastKnownFileType = sourcecode.c.objc; path = RJFormValidationStatus.m; sourceTree = "<group>"; };
		BFE1342D22EAE85000B0CC0B /* RJFormEmptyTool.h */ = {isa = PBXFileReference; lastKnownFileType = sourcecode.c.h; path = RJFormEmptyTool.h; sourceTree = "<group>"; };
		BFE1342E22EAE85000B0CC0B /* RJFormEmptyTool.m */ = {isa = PBXFileReference; lastKnownFileType = sourcecode.c.objc; path = RJFormEmptyTool.m; sourceTree = "<group>"; };
		BFE3394423016ACC00460F71 /* NSBundle+RJFormBundle.h */ = {isa = PBXFileReference; lastKnownFileType = sourcecode.c.h; path = "NSBundle+RJFormBundle.h"; sourceTree = "<group>"; };
		BFE3394523016ACC00460F71 /* NSBundle+RJFormBundle.m */ = {isa = PBXFileReference; lastKnownFileType = sourcecode.c.objc; path = "NSBundle+RJFormBundle.m"; sourceTree = "<group>"; };
		BFE3394A23016B3F00460F71 /* UIImage+RJFormImage.h */ = {isa = PBXFileReference; lastKnownFileType = sourcecode.c.h; path = "UIImage+RJFormImage.h"; sourceTree = "<group>"; };
		BFE3394B23016B3F00460F71 /* UIImage+RJFormImage.m */ = {isa = PBXFileReference; lastKnownFileType = sourcecode.c.objc; path = "UIImage+RJFormImage.m"; sourceTree = "<group>"; };
/* End PBXFileReference section */

/* Begin PBXFrameworksBuildPhase section */
		BF24751A22E6A37B0060AC12 /* Frameworks */ = {
			isa = PBXFrameworksBuildPhase;
			buildActionMask = 2147483647;
			files = (
				6655724006D89B9494FD25BD /* Pods_RJFormDemo.framework in Frameworks */,
			);
			runOnlyForDeploymentPostprocessing = 0;
		};
/* End PBXFrameworksBuildPhase section */

/* Begin PBXGroup section */
		35167B2703FA9749F1BD3AA6 /* Frameworks */ = {
			isa = PBXGroup;
			children = (
				BDAC727BAAAA8EDF1FB76619 /* Pods_RJFormDemo.framework */,
			);
			name = Frameworks;
			sourceTree = "<group>";
		};
		5D97F954D3C92444ADCDC617 /* Pods */ = {
			isa = PBXGroup;
			children = (
				BF8FED0F83E320004828BD8A /* Pods-RJFormDemo.debug.xcconfig */,
				AD8B8426CB2DF63AEC68FC48 /* Pods-RJFormDemo.release.xcconfig */,
			);
			path = Pods;
			sourceTree = "<group>";
		};
		BF0CCBF72451A6F500EB79D7 /* Custom */ = {
			isa = PBXGroup;
			children = (
				BF9116A7245707CB0015DB59 /* TableHeaderFooterView */,
				BFAD00D82452F2B200B07349 /* SectionHeaderFooterView */,
				BFAD00D72452F2A800B07349 /* Cells */,
			);
			path = Custom;
			sourceTree = "<group>";
		};
		BF24751422E6A37B0060AC12 = {
			isa = PBXGroup;
			children = (
				BF24751F22E6A37B0060AC12 /* RJFormDemo */,
				BF24751E22E6A37B0060AC12 /* Products */,
				5D97F954D3C92444ADCDC617 /* Pods */,
				35167B2703FA9749F1BD3AA6 /* Frameworks */,
			);
			sourceTree = "<group>";
		};
		BF24751E22E6A37B0060AC12 /* Products */ = {
			isa = PBXGroup;
			children = (
				BF24751D22E6A37B0060AC12 /* RJFormDemo.app */,
			);
			name = Products;
			sourceTree = "<group>";
		};
		BF24751F22E6A37B0060AC12 /* RJFormDemo */ = {
			isa = PBXGroup;
			children = (
				BF24753922E6A3B90060AC12 /* RJForm */,
				BF24752022E6A37B0060AC12 /* AppDelegate.h */,
				BF24752122E6A37B0060AC12 /* AppDelegate.m */,
				BF0CCBF72451A6F500EB79D7 /* Custom */,
				BF6D9C2022E802090039FBB7 /* DemoController */,
				BF24755722E6E7630060AC12 /* RJFormDemo.pch */,
				BF24755822E6E7DB0060AC12 /* Support Files */,
			);
			path = RJFormDemo;
			sourceTree = "<group>";
		};
		BF24753922E6A3B90060AC12 /* RJForm */ = {
			isa = PBXGroup;
			children = (
				BF24755622E6E66B0060AC12 /* RJForm.h */,
				BF6D980A24504E180090CC70 /* ViewController */,
				BFFA89862450237F00C2EAD9 /* FormDescriptor */,
				BFAD00D22452EEDD00B07349 /* SectionHeaderFooterView */,
				BFFA8987245023C700C2EAD9 /* Protocol */,
				BFC7D78022FD6E2E0068C407 /* ImagePicker */,
				BFBB7BE422F9746100D4CDF9 /* Selector */,
				BF24753C22E6A9FC0060AC12 /* Validators */,
				BF24753B22E6A9DF0060AC12 /* Models */,
				BF24753A22E6A9D90060AC12 /* Cells */,
				BFE3394323016AA500460F71 /* UIKit */,
			);
			path = RJForm;
			sourceTree = "<group>";
		};
		BF24753A22E6A9D90060AC12 /* Cells */ = {
			isa = PBXGroup;
			children = (
				BF24755E22E6FB4D0060AC12 /* RJFormBaseCell.h */,
				BF24755F22E6FB4D0060AC12 /* RJFormBaseCell.m */,
				BF6D9C2D22E839A50039FBB7 /* RJFormButtonCell.h */,
				BF6D9C2E22E839A50039FBB7 /* RJFormButtonCell.m */,
				BF4FC4C822FD097900DB028D /* RJFormDatePickerCell.h */,
				BF4FC4C922FD097900DB028D /* RJFormDatePickerCell.m */,
				BF24754322E6E1980060AC12 /* RJFormImageCell.h */,
				BF24754422E6E1980060AC12 /* RJFormImageCell.m */,
				BFC7D77D22FD6A410068C407 /* RJFormImagePickerCell.h */,
				BFC7D77E22FD6A410068C407 /* RJFormImagePickerCell.m */,
				BF24754922E6E23C0060AC12 /* RJFormInfoCell.h */,
				BF24754A22E6E23C0060AC12 /* RJFormInfoCell.m */,
				BFBB7BDE22F970A100D4CDF9 /* RJFormSelectorCell.h */,
				BFBB7BDF22F970A100D4CDF9 /* RJFormSelectorCell.m */,
				BF24754622E6E1BB0060AC12 /* RJFormSwitchCell.h */,
				BF24754722E6E1BB0060AC12 /* RJFormSwitchCell.m */,
				BF6D9C2722E836EF0039FBB7 /* RJFormTextButtonCell.h */,
				BF6D9C2822E836EF0039FBB7 /* RJFormTextButtonCell.m */,
				BF01AC7122E958C700CAB41C /* RJFormTextFieldCell.h */,
				BF01AC7222E958C700CAB41C /* RJFormTextFieldCell.m */,
				BF116E5822EE91A800954453 /* RJFormTextViewCell.h */,
				BF116E5922EE91A800954453 /* RJFormTextViewCell.m */,
			);
			path = Cells;
			sourceTree = "<group>";
		};
		BF24753B22E6A9DF0060AC12 /* Models */ = {
			isa = PBXGroup;
			children = (
				BF6D9C3022E83FD60039FBB7 /* RJFormBaseItem.h */,
				BF6D9C3122E83FD60039FBB7 /* RJFormBaseItem.m */,
				BF6D9C2A22E839910039FBB7 /* RJFormButtonItem.h */,
				BF6D9C2B22E839910039FBB7 /* RJFormButtonItem.m */,
				BF4FC4CB22FD098B00DB028D /* RJFormDatePickerItem.h */,
				BF4FC4CC22FD098B00DB028D /* RJFormDatePickerItem.m */,
				BF24754F22E6E25C0060AC12 /* RJFormImageItem.h */,
				BF24755022E6E25C0060AC12 /* RJFormImageItem.m */,
				BFC7D77A22FD6A1F0068C407 /* RJFormImagePickerItem.h */,
				BFC7D77B22FD6A1F0068C407 /* RJFormImagePickerItem.m */,
				BF24754C22E6E2500060AC12 /* RJFormInfoItem.h */,
				BF24754D22E6E2500060AC12 /* RJFormInfoItem.m */,
				BF6D9C3322E840790039FBB7 /* RJFormItemValue.h */,
				BFBB7BE122F970AF00D4CDF9 /* RJFormSelectorItem.h */,
				BFBB7BE222F970AF00D4CDF9 /* RJFormSelectorItem.m */,
				BF24755222E6E2690060AC12 /* RJFormSwitchItem.h */,
				BF24755322E6E2690060AC12 /* RJFormSwitchItem.m */,
				BF6D9C2422E836D40039FBB7 /* RJFormTextButtonItem.h */,
				BF6D9C2522E836D40039FBB7 /* RJFormTextButtonItem.m */,
				BF01AC7422E958DA00CAB41C /* RJFormTextFieldItem.h */,
				BF01AC7522E958DA00CAB41C /* RJFormTextFieldItem.m */,
				BF116E5B22EE91B800954453 /* RJFormTextViewItem.h */,
				BF116E5C22EE91B800954453 /* RJFormTextViewItem.m */,
			);
			path = Models;
			sourceTree = "<group>";
		};
		BF24753C22E6A9FC0060AC12 /* Validators */ = {
			isa = PBXGroup;
			children = (
				BFE1342A22EAE32200B0CC0B /* RJFormValidationStatus.h */,
				BFE1342B22EAE32200B0CC0B /* RJFormValidationStatus.m */,
				BF17280622EEEFD100C93002 /* RJFormValidatorProtocol.h */,
				BF17280722EEF01800C93002 /* RJFormValidator.h */,
				BF17280822EEF01800C93002 /* RJFormValidator.m */,
				BF17280A22EEF0B500C93002 /* RJFormRegexValidator.h */,
				BF17280B22EEF0B500C93002 /* RJFormRegexValidator.m */,
			);
			path = Validators;
			sourceTree = "<group>";
		};
		BF24755822E6E7DB0060AC12 /* Support Files */ = {
			isa = PBXGroup;
			children = (
				BF24752F22E6A37C0060AC12 /* main.m */,
				BF24752622E6A37B0060AC12 /* Main.storyboard */,
				BF24752922E6A37C0060AC12 /* Assets.xcassets */,
				BF24752B22E6A37C0060AC12 /* LaunchScreen.storyboard */,
				BF24752E22E6A37C0060AC12 /* Info.plist */,
			);
			path = "Support Files";
			sourceTree = "<group>";
		};
		BF6D980A24504E180090CC70 /* ViewController */ = {
			isa = PBXGroup;
			children = (
				BF6D980B245053F20090CC70 /* RJFormViewController.h */,
				BF6D980C245053F20090CC70 /* RJFormViewController.m */,
			);
			path = ViewController;
			sourceTree = "<group>";
		};
		BF6D9C2022E802090039FBB7 /* DemoController */ = {
			isa = PBXGroup;
			children = (
				BF6D9C1A22E7FE400039FBB7 /* RJFormMainViewController.h */,
				BF6D9C1B22E7FE400039FBB7 /* RJFormMainViewController.m */,
				BF6D9C1D22E801FF0039FBB7 /* RJFormAllSimpleViewController.h */,
				BF6D9C1E22E801FF0039FBB7 /* RJFormAllSimpleViewController.m */,
				BF6D9C2122E802400039FBB7 /* RJFormSettingViewController.h */,
				BF6D9C2222E802400039FBB7 /* RJFormSettingViewController.m */,
				BFAD00CF2452D43D00B07349 /* RJFormCustomCellViewController.h */,
				BFAD00D02452D43D00B07349 /* RJFormCustomCellViewController.m */,
				BFAD00CC2452D25900B07349 /* RJFormCustomViewController.h */,
				BFAD00CD2452D25900B07349 /* RJFormCustomViewController.m */,
				BF116E5E22EE96B900954453 /* RJFormEnterpriseInfoViewController.h */,
				BF116E5F22EE96B900954453 /* RJFormEnterpriseInfoViewController.m */,
			);
			path = DemoController;
			sourceTree = "<group>";
		};
		BF9116A7245707CB0015DB59 /* TableHeaderFooterView */ = {
			isa = PBXGroup;
			children = (
				BF9116A8245707E10015DB59 /* RJFormTestTableHeaderView.h */,
				BF9116A9245707E10015DB59 /* RJFormTestTableHeaderView.m */,
				BF9116AB2457179D0015DB59 /* RJFormTestTableFooterView.h */,
				BF9116AC2457179D0015DB59 /* RJFormTestTableFooterView.m */,
			);
			path = TableHeaderFooterView;
			sourceTree = "<group>";
		};
		BFAD00D22452EEDD00B07349 /* SectionHeaderFooterView */ = {
			isa = PBXGroup;
			children = (
				BFAD00D32452EF1A00B07349 /* RJFormSectionHeaderFooterView.h */,
				BFAD00D42452EF1A00B07349 /* RJFormSectionHeaderFooterView.m */,
			);
			path = SectionHeaderFooterView;
			sourceTree = "<group>";
		};
		BFAD00D72452F2A800B07349 /* Cells */ = {
			isa = PBXGroup;
			children = (
				BF0CCBF42451A6DD00EB79D7 /* RJFormTestTableViewCell.h */,
				BF0CCBF52451A6DD00EB79D7 /* RJFormTestTableViewCell.m */,
				BF0CCBF82451A70600EB79D7 /* RJFormTestItem.h */,
				BF0CCBF92451A70600EB79D7 /* RJFormTestItem.m */,
			);
			path = Cells;
			sourceTree = "<group>";
		};
		BFAD00D82452F2B200B07349 /* SectionHeaderFooterView */ = {
			isa = PBXGroup;
			children = (
				BFAD00D92452F40B00B07349 /* RJFormTestHeaderView.h */,
				BFAD00DA2452F40B00B07349 /* RJFormTestHeaderView.m */,
				BF9116A42457066A0015DB59 /* RJFormTestFooterView.h */,
				BF9116A52457066A0015DB59 /* RJFormTestFooterView.m */,
			);
			path = SectionHeaderFooterView;
			sourceTree = "<group>";
		};
		BFBB7BE422F9746100D4CDF9 /* Selector */ = {
			isa = PBXGroup;
			children = (
				BFD30F4122FA647B00F60284 /* RJFormSelectorManager.h */,
				BFD30F4222FA647B00F60284 /* RJFormSelectorManager.m */,
				BF4FC4D122FD136B00DB028D /* RJFormDatePickerManager.h */,
				BF4FC4D222FD136B00DB028D /* RJFormDatePickerManager.m */,
				BFBB7BE522F9747C00D4CDF9 /* RJFormOptionItem.h */,
				BFBB7BE622F9747C00D4CDF9 /* RJFormOptionItem.m */,
				BFD30F3E22FA63ED00F60284 /* RJFormValuePickerView.h */,
				BFD30F3F22FA63ED00F60284 /* RJFormValuePickerView.m */,
				BF4FC4CE22FD0DDB00DB028D /* RJFormDatePickerView.h */,
				BF4FC4CF22FD0DDB00DB028D /* RJFormDatePickerView.m */,
			);
			path = Selector;
			sourceTree = "<group>";
		};
		BFC7D78022FD6E2E0068C407 /* ImagePicker */ = {
			isa = PBXGroup;
			children = (
				BFC7D78122FD6E4C0068C407 /* RJFormImagePickerContentView.h */,
				BFC7D78222FD6E4C0068C407 /* RJFormImagePickerContentView.m */,
				BF2C7A5B2301135E00F4DC55 /* RJFormImagePickerContentItem.h */,
				BF2C7A5C2301135E00F4DC55 /* RJFormImagePickerContentItem.m */,
				BFC7D78422FD74040068C407 /* RJFormImagePickerCollectionViewCell.h */,
				BFC7D78522FD74040068C407 /* RJFormImagePickerCollectionViewCell.m */,
				BF3270202304ECCE00CD06BA /* RJFormPhotoPickerManager.h */,
				BF3270252304F10C00CD06BA /* RJFormPhotoPickerManager.m */,
			);
			path = ImagePicker;
			sourceTree = "<group>";
		};
		BFE3394323016AA500460F71 /* UIKit */ = {
			isa = PBXGroup;
			children = (
				BFE1342D22EAE85000B0CC0B /* RJFormEmptyTool.h */,
				BFE1342E22EAE85000B0CC0B /* RJFormEmptyTool.m */,
				BFE3394423016ACC00460F71 /* NSBundle+RJFormBundle.h */,
				BFE3394523016ACC00460F71 /* NSBundle+RJFormBundle.m */,
				BFE3394A23016B3F00460F71 /* UIImage+RJFormImage.h */,
				BFE3394B23016B3F00460F71 /* UIImage+RJFormImage.m */,
				BF32702C230508A200CD06BA /* UITextView+RJFormPlaceholder.h */,
				BF32702D230508A200CD06BA /* UITextView+RJFormPlaceholder.m */,
			);
			path = UIKit;
			sourceTree = "<group>";
		};
		BFFA89862450237F00C2EAD9 /* FormDescriptor */ = {
			isa = PBXGroup;
			children = (
				BF6D9C1722E7F7B60039FBB7 /* RJFormConstant.h */,
				BF6D9C1822E7F7B60039FBB7 /* RJFormConstant.m */,
				BF24755B22E6F0EE0060AC12 /* RJFormDescriptor.h */,
				BF24755C22E6F0EE0060AC12 /* RJFormDescriptor.m */,
				BF24753D22E6AA260060AC12 /* RJFormSectionDescriptor.h */,
				BF24753E22E6AA260060AC12 /* RJFormSectionDescriptor.m */,
				BF24754022E6AA410060AC12 /* RJFormRowDescriptor.h */,
				BF24754122E6AA410060AC12 /* RJFormRowDescriptor.m */,
			);
			path = FormDescriptor;
			sourceTree = "<group>";
		};
		BFFA8987245023C700C2EAD9 /* Protocol */ = {
			isa = PBXGroup;
			children = (
				BF15E2EF231628FA00607F26 /* RJFormImageTapProtocol.h */,
				BFA6542823335553006DDC96 /* RJFormCalculateRowHeightProtocol.h */,
				BF24755522E6E3CB0060AC12 /* RJFormCellDataUpdateProtocol.h */,
				BFAD00D62452EFA800B07349 /* RJFormSectionHeaderFooterViewUpdateProtocol.h */,
			);
			path = Protocol;
			sourceTree = "<group>";
		};
/* End PBXGroup section */

/* Begin PBXNativeTarget section */
		BF24751C22E6A37B0060AC12 /* RJFormDemo */ = {
			isa = PBXNativeTarget;
			buildConfigurationList = BF24753322E6A37C0060AC12 /* Build configuration list for PBXNativeTarget "RJFormDemo" */;
			buildPhases = (
				D0EB23A195C578CC59D73A2A /* [CP] Check Pods Manifest.lock */,
				BF24751922E6A37B0060AC12 /* Sources */,
				BF24751A22E6A37B0060AC12 /* Frameworks */,
				BF24751B22E6A37B0060AC12 /* Resources */,
				AF5249C77387F6CF67463472 /* [CP] Embed Pods Frameworks */,
			);
			buildRules = (
			);
			dependencies = (
			);
			name = RJFormDemo;
			productName = RJFormDemo;
			productReference = BF24751D22E6A37B0060AC12 /* RJFormDemo.app */;
			productType = "com.apple.product-type.application";
		};
/* End PBXNativeTarget section */

/* Begin PBXProject section */
		BF24751522E6A37B0060AC12 /* Project object */ = {
			isa = PBXProject;
			attributes = {
				CLASSPREFIX = RJForm;
				LastUpgradeCheck = 1120;
				ORGANIZATIONNAME = RJSoft;
				TargetAttributes = {
					BF24751C22E6A37B0060AC12 = {
						CreatedOnToolsVersion = 10.2.1;
					};
				};
			};
			buildConfigurationList = BF24751822E6A37B0060AC12 /* Build configuration list for PBXProject "RJFormDemo" */;
			compatibilityVersion = "Xcode 9.3";
			developmentRegion = en;
			hasScannedForEncodings = 0;
			knownRegions = (
				en,
				Base,
				"zh-Hans",
			);
			mainGroup = BF24751422E6A37B0060AC12;
			productRefGroup = BF24751E22E6A37B0060AC12 /* Products */;
			projectDirPath = "";
			projectRoot = "";
			targets = (
				BF24751C22E6A37B0060AC12 /* RJFormDemo */,
			);
		};
/* End PBXProject section */

/* Begin PBXResourcesBuildPhase section */
		BF24751B22E6A37B0060AC12 /* Resources */ = {
			isa = PBXResourcesBuildPhase;
			buildActionMask = 2147483647;
			files = (
				BF24752D22E6A37C0060AC12 /* LaunchScreen.storyboard in Resources */,
				BF24752A22E6A37C0060AC12 /* Assets.xcassets in Resources */,
				BF24752822E6A37B0060AC12 /* Main.storyboard in Resources */,
			);
			runOnlyForDeploymentPostprocessing = 0;
		};
/* End PBXResourcesBuildPhase section */

/* Begin PBXShellScriptBuildPhase section */
		AF5249C77387F6CF67463472 /* [CP] Embed Pods Frameworks */ = {
			isa = PBXShellScriptBuildPhase;
			buildActionMask = 2147483647;
			files = (
			);
			inputFileListPaths = (
				"${PODS_ROOT}/Target Support Files/Pods-RJFormDemo/Pods-RJFormDemo-frameworks-${CONFIGURATION}-input-files.xcfilelist",
			);
			name = "[CP] Embed Pods Frameworks";
			outputFileListPaths = (
				"${PODS_ROOT}/Target Support Files/Pods-RJFormDemo/Pods-RJFormDemo-frameworks-${CONFIGURATION}-output-files.xcfilelist",
			);
			runOnlyForDeploymentPostprocessing = 0;
			shellPath = /bin/sh;
			shellScript = "\"${PODS_ROOT}/Target Support Files/Pods-RJFormDemo/Pods-RJFormDemo-frameworks.sh\"\n";
			showEnvVarsInLog = 0;
		};
		D0EB23A195C578CC59D73A2A /* [CP] Check Pods Manifest.lock */ = {
			isa = PBXShellScriptBuildPhase;
			buildActionMask = 2147483647;
			files = (
			);
			inputFileListPaths = (
			);
			inputPaths = (
				"${PODS_PODFILE_DIR_PATH}/Podfile.lock",
				"${PODS_ROOT}/Manifest.lock",
			);
			name = "[CP] Check Pods Manifest.lock";
			outputFileListPaths = (
			);
			outputPaths = (
				"$(DERIVED_FILE_DIR)/Pods-RJFormDemo-checkManifestLockResult.txt",
			);
			runOnlyForDeploymentPostprocessing = 0;
			shellPath = /bin/sh;
			shellScript = "diff \"${PODS_PODFILE_DIR_PATH}/Podfile.lock\" \"${PODS_ROOT}/Manifest.lock\" > /dev/null\nif [ $? != 0 ] ; then\n    # print error to STDERR\n    echo \"error: The sandbox is not in sync with the Podfile.lock. Run 'pod install' or update your CocoaPods installation.\" >&2\n    exit 1\nfi\n# This output is used by Xcode 'outputs' to avoid re-running this script phase.\necho \"SUCCESS\" > \"${SCRIPT_OUTPUT_FILE_0}\"\n";
			showEnvVarsInLog = 0;
		};
/* End PBXShellScriptBuildPhase section */

/* Begin PBXSourcesBuildPhase section */
		BF24751922E6A37B0060AC12 /* Sources */ = {
			isa = PBXSourcesBuildPhase;
			buildActionMask = 2147483647;
			files = (
				BFBB7BE022F970A100D4CDF9 /* RJFormSelectorCell.m in Sources */,
				BF24755422E6E2690060AC12 /* RJFormSwitchItem.m in Sources */,
				BF2C7A5D2301135E00F4DC55 /* RJFormImagePickerContentItem.m in Sources */,
				BF6D9C2922E836EF0039FBB7 /* RJFormTextButtonCell.m in Sources */,
				BF17280C22EEF0B500C93002 /* RJFormRegexValidator.m in Sources */,
				BF4FC4CD22FD098B00DB028D /* RJFormDatePickerItem.m in Sources */,
				BFC7D78322FD6E4C0068C407 /* RJFormImagePickerContentView.m in Sources */,
				BF24753F22E6AA260060AC12 /* RJFormSectionDescriptor.m in Sources */,
				BF0CCBFA2451A70600EB79D7 /* RJFormTestItem.m in Sources */,
				BF6D9C3222E83FD60039FBB7 /* RJFormBaseItem.m in Sources */,
				BF24754222E6AA410060AC12 /* RJFormRowDescriptor.m in Sources */,
				BFE3394623016ACC00460F71 /* NSBundle+RJFormBundle.m in Sources */,
				BF01AC7322E958C700CAB41C /* RJFormTextFieldCell.m in Sources */,
				BF24753022E6A37C0060AC12 /* main.m in Sources */,
				BFE1342F22EAE85000B0CC0B /* RJFormEmptyTool.m in Sources */,
				BF4FC4D022FD0DDB00DB028D /* RJFormDatePickerView.m in Sources */,
				BFAD00D12452D43D00B07349 /* RJFormCustomCellViewController.m in Sources */,
				BF24755D22E6F0EE0060AC12 /* RJFormDescriptor.m in Sources */,
				BF6D9C2F22E839A50039FBB7 /* RJFormButtonCell.m in Sources */,
				BF9116A62457066A0015DB59 /* RJFormTestFooterView.m in Sources */,
				BF17280922EEF01800C93002 /* RJFormValidator.m in Sources */,
				BFAD00D52452EF1A00B07349 /* RJFormSectionHeaderFooterView.m in Sources */,
				BFE3394C23016B3F00460F71 /* UIImage+RJFormImage.m in Sources */,
				BF0CCBF62451A6DD00EB79D7 /* RJFormTestTableViewCell.m in Sources */,
				BF9116AA245707E10015DB59 /* RJFormTestTableHeaderView.m in Sources */,
				BF116E5D22EE91B800954453 /* RJFormTextViewItem.m in Sources */,
				BFE1342C22EAE32200B0CC0B /* RJFormValidationStatus.m in Sources */,
				BF4FC4CA22FD097900DB028D /* RJFormDatePickerCell.m in Sources */,
				BF24754522E6E1980060AC12 /* RJFormImageCell.m in Sources */,
				BF24755122E6E25C0060AC12 /* RJFormImageItem.m in Sources */,
				BF24754E22E6E2500060AC12 /* RJFormInfoItem.m in Sources */,
				BF116E6022EE96B900954453 /* RJFormEnterpriseInfoViewController.m in Sources */,
				BF24752222E6A37B0060AC12 /* AppDelegate.m in Sources */,
				BFAD00DB2452F40B00B07349 /* RJFormTestHeaderView.m in Sources */,
				BFC7D78622FD74040068C407 /* RJFormImagePickerCollectionViewCell.m in Sources */,
				BF24756022E6FB4D0060AC12 /* RJFormBaseCell.m in Sources */,
				BF6D9C1C22E7FE400039FBB7 /* RJFormMainViewController.m in Sources */,
				BF6D9C2C22E839910039FBB7 /* RJFormButtonItem.m in Sources */,
				BF01AC7622E958DA00CAB41C /* RJFormTextFieldItem.m in Sources */,
				BF6D9C2622E836D40039FBB7 /* RJFormTextButtonItem.m in Sources */,
				BF9116AD2457179D0015DB59 /* RJFormTestTableFooterView.m in Sources */,
				BF6D9C2322E802400039FBB7 /* RJFormSettingViewController.m in Sources */,
				BFAD00CE2452D25900B07349 /* RJFormCustomViewController.m in Sources */,
				BFD30F4322FA647B00F60284 /* RJFormSelectorManager.m in Sources */,
				BFD30F4022FA63ED00F60284 /* RJFormValuePickerView.m in Sources */,
				BFC7D77F22FD6A410068C407 /* RJFormImagePickerCell.m in Sources */,
				BFBB7BE322F970AF00D4CDF9 /* RJFormSelectorItem.m in Sources */,
				BFC7D77C22FD6A1F0068C407 /* RJFormImagePickerItem.m in Sources */,
				BF3270262304F10C00CD06BA /* RJFormPhotoPickerManager.m in Sources */,
				BF6D9C1F22E801FF0039FBB7 /* RJFormAllSimpleViewController.m in Sources */,
				BF24754822E6E1BB0060AC12 /* RJFormSwitchCell.m in Sources */,
				BF4FC4D322FD136B00DB028D /* RJFormDatePickerManager.m in Sources */,
				BF24754B22E6E23C0060AC12 /* RJFormInfoCell.m in Sources */,
				BF116E5A22EE91A800954453 /* RJFormTextViewCell.m in Sources */,
				BF6D980D245053F20090CC70 /* RJFormViewController.m in Sources */,
				BF6D9C1922E7F7B60039FBB7 /* RJFormConstant.m in Sources */,
				BFBB7BE722F9747C00D4CDF9 /* RJFormOptionItem.m in Sources */,
				BF32702E230508A200CD06BA /* UITextView+RJFormPlaceholder.m in Sources */,
			);
			runOnlyForDeploymentPostprocessing = 0;
		};
/* End PBXSourcesBuildPhase section */

/* Begin PBXVariantGroup section */
		BF24752622E6A37B0060AC12 /* Main.storyboard */ = {
			isa = PBXVariantGroup;
			children = (
				BF24752722E6A37B0060AC12 /* Base */,
				BF3270272304FD3900CD06BA /* zh-Hans */,
			);
			name = Main.storyboard;
			sourceTree = "<group>";
		};
		BF24752B22E6A37C0060AC12 /* LaunchScreen.storyboard */ = {
			isa = PBXVariantGroup;
			children = (
				BF24752C22E6A37C0060AC12 /* Base */,
				BF3270282304FD3900CD06BA /* zh-Hans */,
			);
			name = LaunchScreen.storyboard;
			sourceTree = "<group>";
		};
/* End PBXVariantGroup section */

/* Begin XCBuildConfiguration section */
		BF24753122E6A37C0060AC12 /* Debug */ = {
			isa = XCBuildConfiguration;
			buildSettings = {
				ALWAYS_SEARCH_USER_PATHS = NO;
				CLANG_ANALYZER_LOCALIZABILITY_NONLOCALIZED = YES;
				CLANG_ANALYZER_NONNULL = YES;
				CLANG_ANALYZER_NUMBER_OBJECT_CONVERSION = YES_AGGRESSIVE;
				CLANG_CXX_LANGUAGE_STANDARD = "gnu++14";
				CLANG_CXX_LIBRARY = "libc++";
				CLANG_ENABLE_MODULES = YES;
				CLANG_ENABLE_OBJC_ARC = YES;
				CLANG_ENABLE_OBJC_WEAK = YES;
				CLANG_WARN_BLOCK_CAPTURE_AUTORELEASING = YES;
				CLANG_WARN_BOOL_CONVERSION = YES;
				CLANG_WARN_COMMA = YES;
				CLANG_WARN_CONSTANT_CONVERSION = YES;
				CLANG_WARN_DEPRECATED_OBJC_IMPLEMENTATIONS = YES;
				CLANG_WARN_DIRECT_OBJC_ISA_USAGE = YES_ERROR;
				CLANG_WARN_DOCUMENTATION_COMMENTS = YES;
				CLANG_WARN_EMPTY_BODY = YES;
				CLANG_WARN_ENUM_CONVERSION = YES;
				CLANG_WARN_INFINITE_RECURSION = YES;
				CLANG_WARN_INT_CONVERSION = YES;
				CLANG_WARN_NON_LITERAL_NULL_CONVERSION = YES;
				CLANG_WARN_OBJC_IMPLICIT_RETAIN_SELF = YES;
				CLANG_WARN_OBJC_LITERAL_CONVERSION = YES;
				CLANG_WARN_OBJC_ROOT_CLASS = YES_ERROR;
				CLANG_WARN_RANGE_LOOP_ANALYSIS = YES;
				CLANG_WARN_STRICT_PROTOTYPES = YES;
				CLANG_WARN_SUSPICIOUS_MOVE = YES;
				CLANG_WARN_UNGUARDED_AVAILABILITY = YES_AGGRESSIVE;
				CLANG_WARN_UNREACHABLE_CODE = YES;
				CLANG_WARN__DUPLICATE_METHOD_MATCH = YES;
				CODE_SIGN_IDENTITY = "iPhone Developer";
				COPY_PHASE_STRIP = NO;
				DEBUG_INFORMATION_FORMAT = dwarf;
				ENABLE_STRICT_OBJC_MSGSEND = YES;
				ENABLE_TESTABILITY = YES;
				GCC_C_LANGUAGE_STANDARD = gnu11;
				GCC_DYNAMIC_NO_PIC = NO;
				GCC_NO_COMMON_BLOCKS = YES;
				GCC_OPTIMIZATION_LEVEL = 0;
				GCC_PREPROCESSOR_DEFINITIONS = (
					"DEBUG=1",
					"$(inherited)",
				);
				GCC_WARN_64_TO_32_BIT_CONVERSION = YES;
				GCC_WARN_ABOUT_RETURN_TYPE = YES_ERROR;
				GCC_WARN_UNDECLARED_SELECTOR = YES;
				GCC_WARN_UNINITIALIZED_AUTOS = YES_AGGRESSIVE;
				GCC_WARN_UNUSED_FUNCTION = YES;
				GCC_WARN_UNUSED_VARIABLE = YES;
				IPHONEOS_DEPLOYMENT_TARGET = 12.2;
				MTL_ENABLE_DEBUG_INFO = INCLUDE_SOURCE;
				MTL_FAST_MATH = YES;
				ONLY_ACTIVE_ARCH = YES;
				SDKROOT = iphoneos;
			};
			name = Debug;
		};
		BF24753222E6A37C0060AC12 /* Release */ = {
			isa = XCBuildConfiguration;
			buildSettings = {
				ALWAYS_SEARCH_USER_PATHS = NO;
				CLANG_ANALYZER_LOCALIZABILITY_NONLOCALIZED = YES;
				CLANG_ANALYZER_NONNULL = YES;
				CLANG_ANALYZER_NUMBER_OBJECT_CONVERSION = YES_AGGRESSIVE;
				CLANG_CXX_LANGUAGE_STANDARD = "gnu++14";
				CLANG_CXX_LIBRARY = "libc++";
				CLANG_ENABLE_MODULES = YES;
				CLANG_ENABLE_OBJC_ARC = YES;
				CLANG_ENABLE_OBJC_WEAK = YES;
				CLANG_WARN_BLOCK_CAPTURE_AUTORELEASING = YES;
				CLANG_WARN_BOOL_CONVERSION = YES;
				CLANG_WARN_COMMA = YES;
				CLANG_WARN_CONSTANT_CONVERSION = YES;
				CLANG_WARN_DEPRECATED_OBJC_IMPLEMENTATIONS = YES;
				CLANG_WARN_DIRECT_OBJC_ISA_USAGE = YES_ERROR;
				CLANG_WARN_DOCUMENTATION_COMMENTS = YES;
				CLANG_WARN_EMPTY_BODY = YES;
				CLANG_WARN_ENUM_CONVERSION = YES;
				CLANG_WARN_INFINITE_RECURSION = YES;
				CLANG_WARN_INT_CONVERSION = YES;
				CLANG_WARN_NON_LITERAL_NULL_CONVERSION = YES;
				CLANG_WARN_OBJC_IMPLICIT_RETAIN_SELF = YES;
				CLANG_WARN_OBJC_LITERAL_CONVERSION = YES;
				CLANG_WARN_OBJC_ROOT_CLASS = YES_ERROR;
				CLANG_WARN_RANGE_LOOP_ANALYSIS = YES;
				CLANG_WARN_STRICT_PROTOTYPES = YES;
				CLANG_WARN_SUSPICIOUS_MOVE = YES;
				CLANG_WARN_UNGUARDED_AVAILABILITY = YES_AGGRESSIVE;
				CLANG_WARN_UNREACHABLE_CODE = YES;
				CLANG_WARN__DUPLICATE_METHOD_MATCH = YES;
				CODE_SIGN_IDENTITY = "iPhone Developer";
				COPY_PHASE_STRIP = NO;
				DEBUG_INFORMATION_FORMAT = "dwarf-with-dsym";
				ENABLE_NS_ASSERTIONS = NO;
				ENABLE_STRICT_OBJC_MSGSEND = YES;
				GCC_C_LANGUAGE_STANDARD = gnu11;
				GCC_NO_COMMON_BLOCKS = YES;
				GCC_WARN_64_TO_32_BIT_CONVERSION = YES;
				GCC_WARN_ABOUT_RETURN_TYPE = YES_ERROR;
				GCC_WARN_UNDECLARED_SELECTOR = YES;
				GCC_WARN_UNINITIALIZED_AUTOS = YES_AGGRESSIVE;
				GCC_WARN_UNUSED_FUNCTION = YES;
				GCC_WARN_UNUSED_VARIABLE = YES;
				IPHONEOS_DEPLOYMENT_TARGET = 12.2;
				MTL_ENABLE_DEBUG_INFO = NO;
				MTL_FAST_MATH = YES;
				SDKROOT = iphoneos;
				VALIDATE_PRODUCT = YES;
			};
			name = Release;
		};
		BF24753422E6A37C0060AC12 /* Debug */ = {
			isa = XCBuildConfiguration;
			baseConfigurationReference = BF8FED0F83E320004828BD8A /* Pods-RJFormDemo.debug.xcconfig */;
			buildSettings = {
				ASSETCATALOG_COMPILER_APPICON_NAME = AppIcon;
				CODE_SIGN_STYLE = Automatic;
				DEVELOPMENT_TEAM = RJ2G45B9KH;
				GCC_PREFIX_HEADER = RJFormDemo/RJFormDemo.pch;
				INFOPLIST_FILE = "RJFormDemo/Support Files/Info.plist";
				IPHONEOS_DEPLOYMENT_TARGET = 9.0;
				LD_RUNPATH_SEARCH_PATHS = (
					"$(inherited)",
					"@executable_path/Frameworks",
				);
				PRODUCT_BUNDLE_IDENTIFIER = com.RJSoftware.RJFormDemo;
				PRODUCT_NAME = "$(TARGET_NAME)";
				TARGETED_DEVICE_FAMILY = 1;
			};
			name = Debug;
		};
		BF24753522E6A37C0060AC12 /* Release */ = {
			isa = XCBuildConfiguration;
			baseConfigurationReference = AD8B8426CB2DF63AEC68FC48 /* Pods-RJFormDemo.release.xcconfig */;
			buildSettings = {
				ASSETCATALOG_COMPILER_APPICON_NAME = AppIcon;
				CODE_SIGN_STYLE = Automatic;
				DEVELOPMENT_TEAM = RJ2G45B9KH;
				GCC_PREFIX_HEADER = RJFormDemo/RJFormDemo.pch;
				INFOPLIST_FILE = "RJFormDemo/Support Files/Info.plist";
				IPHONEOS_DEPLOYMENT_TARGET = 9.0;
				LD_RUNPATH_SEARCH_PATHS = (
					"$(inherited)",
					"@executable_path/Frameworks",
				);
				PRODUCT_BUNDLE_IDENTIFIER = com.RJSoftware.RJFormDemo;
				PRODUCT_NAME = "$(TARGET_NAME)";
				TARGETED_DEVICE_FAMILY = 1;
			};
			name = Release;
		};
/* End XCBuildConfiguration section */

/* Begin XCConfigurationList section */
		BF24751822E6A37B0060AC12 /* Build configuration list for PBXProject "RJFormDemo" */ = {
			isa = XCConfigurationList;
			buildConfigurations = (
				BF24753122E6A37C0060AC12 /* Debug */,
				BF24753222E6A37C0060AC12 /* Release */,
			);
			defaultConfigurationIsVisible = 0;
			defaultConfigurationName = Release;
		};
		BF24753322E6A37C0060AC12 /* Build configuration list for PBXNativeTarget "RJFormDemo" */ = {
			isa = XCConfigurationList;
			buildConfigurations = (
				BF24753422E6A37C0060AC12 /* Debug */,
				BF24753522E6A37C0060AC12 /* Release */,
			);
			defaultConfigurationIsVisible = 0;
			defaultConfigurationName = Release;
		};
/* End XCConfigurationList section */
	};
	rootObject = BF24751522E6A37B0060AC12 /* Project object */;
}
